
Microsoft Visual Studio Solution File, Format Version 12.00
# Visual Studio 15
VisualStudioVersion = 15.0.28010.0
MinimumVisualStudioVersion = 10.0.40219.1
Project("{FAE04EC0-301F-11D3-BF4B-00C04F79EFBC}") = "Sales.Android", "Sales\Sales.Android\Sales.Android.csproj", "{AC23682C-AE61-4264-AABF-9E14DECA2DB6}"
EndProject
Project("{FAE04EC0-301F-11D3-BF4B-00C04F79EFBC}") = "Sales.UWP", "Sales\Sales.UWP\Sales.UWP.csproj", "{B658B238-FDAF-452F-B2EC-A01EC7B5C05B}"
EndProject
Project("{FAE04EC0-301F-11D3-BF4B-00C04F79EFBC}") = "Sales", "Sales\Sales\Sales.csproj", "{72D8CD96-33D1-45E9-8CEC-6F7BEA3C7461}"
EndProject
Project("{FAE04EC0-301F-11D3-BF4B-00C04F79EFBC}") = "Sales.Backend", "Sales.Backend\Sales.Backend.csproj", "{C8E3C32E-FA15-4B39-A7C8-5DE981B4A907}"
EndProject
Project("{FAE04EC0-301F-11D3-BF4B-00C04F79EFBC}") = "Sales.API", "Sales.API\Sales.API.csproj", "{8B8E9635-5CFF-474F-B1A5-BF1542E3C52E}"
EndProject
Project("{FAE04EC0-301F-11D3-BF4B-00C04F79EFBC}") = "Sales.Domain", "Sales.Domain\Sales.Domain.csproj", "{7E39DD7D-CC1B-44B0-9967-A6B2599FB465}"
EndProject
Project("{FAE04EC0-301F-11D3-BF4B-00C04F79EFBC}") = "Sales.Common", "Sales.Common\Sales.Common.csproj", "{91F56EDB-76B6-4260-8C86-2D343609F27E}"
EndProject
Global
	GlobalSection(SolutionConfigurationPlatforms) = preSolution
		Debug|Any CPU = Debug|Any CPU
		Debug|ARM = Debug|ARM
		Debug|x64 = Debug|x64
		Debug|x86 = Debug|x86
		Release|Any CPU = Release|Any CPU
		Release|ARM = Release|ARM
		Release|x64 = Release|x64
		Release|x86 = Release|x86
	EndGlobalSection
	GlobalSection(ProjectConfigurationPlatforms) = postSolution
		{AC23682C-AE61-4264-AABF-9E14DECA2DB6}.Debug|Any CPU.ActiveCfg = Debug|Any CPU
		{AC23682C-AE61-4264-AABF-9E14DECA2DB6}.Debug|Any CPU.Build.0 = Debug|Any CPU
		{AC23682C-AE61-4264-AABF-9E14DECA2DB6}.Debug|Any CPU.Deploy.0 = Debug|Any CPU
		{AC23682C-AE61-4264-AABF-9E14DECA2DB6}.Debug|ARM.ActiveCfg = Debug|Any CPU
		{AC23682C-AE61-4264-AABF-9E14DECA2DB6}.Debug|ARM.Build.0 = Debug|Any CPU
		{AC23682C-AE61-4264-AABF-9E14DECA2DB6}.Debug|ARM.Deploy.0 = Debug|Any CPU
		{AC23682C-AE61-4264-AABF-9E14DECA2DB6}.Debug|x64.ActiveCfg = Debug|Any CPU
		{AC23682C-AE61-4264-AABF-9E14DECA2DB6}.Debug|x64.Build.0 = Debug|Any CPU
		{AC23682C-AE61-4264-AABF-9E14DECA2DB6}.Debug|x64.Deploy.0 = Debug|Any CPU
		{AC23682C-AE61-4264-AABF-9E14DECA2DB6}.Debug|x86.ActiveCfg = Debug|Any CPU
		{AC23682C-AE61-4264-AABF-9E14DECA2DB6}.Debug|x86.Build.0 = Debug|Any CPU
		{AC23682C-AE61-4264-AABF-9E14DECA2DB6}.Debug|x86.Deploy.0 = Debug|Any CPU
		{AC23682C-AE61-4264-AABF-9E14DECA2DB6}.Release|Any CPU.ActiveCfg = Release|Any CPU
		{AC23682C-AE61-4264-AABF-9E14DECA2DB6}.Release|Any CPU.Build.0 = Release|Any CPU
		{AC23682C-AE61-4264-AABF-9E14DECA2DB6}.Release|Any CPU.Deploy.0 = Release|Any CPU
		{AC23682C-AE61-4264-AABF-9E14DECA2DB6}.Release|ARM.ActiveCfg = Release|Any CPU
		{AC23682C-AE61-4264-AABF-9E14DECA2DB6}.Release|ARM.Build.0 = Release|Any CPU
		{AC23682C-AE61-4264-AABF-9E14DECA2DB6}.Release|ARM.Deploy.0 = Release|Any CPU
		{AC23682C-AE61-4264-AABF-9E14DECA2DB6}.Release|x64.ActiveCfg = Release|Any CPU
		{AC23682C-AE61-4264-AABF-9E14DECA2DB6}.Release|x64.Build.0 = Release|Any CPU
		{AC23682C-AE61-4264-AABF-9E14DECA2DB6}.Release|x64.Deploy.0 = Release|Any CPU
		{AC23682C-AE61-4264-AABF-9E14DECA2DB6}.Release|x86.ActiveCfg = Release|Any CPU
		{AC23682C-AE61-4264-AABF-9E14DECA2DB6}.Release|x86.Build.0 = Release|Any CPU
		{AC23682C-AE61-4264-AABF-9E14DECA2DB6}.Release|x86.Deploy.0 = Release|Any CPU
		{B658B238-FDAF-452F-B2EC-A01EC7B5C05B}.Debug|Any CPU.ActiveCfg = Debug|x86
		{B658B238-FDAF-452F-B2EC-A01EC7B5C05B}.Debug|Any CPU.Build.0 = Debug|x86
		{B658B238-FDAF-452F-B2EC-A01EC7B5C05B}.Debug|Any CPU.Deploy.0 = Debug|x86
		{B658B238-FDAF-452F-B2EC-A01EC7B5C05B}.Debug|ARM.ActiveCfg = Debug|ARM
		{B658B238-FDAF-452F-B2EC-A01EC7B5C05B}.Debug|ARM.Build.0 = Debug|ARM
		{B658B238-FDAF-452F-B2EC-A01EC7B5C05B}.Debug|ARM.Deploy.0 = Debug|ARM
		{B658B238-FDAF-452F-B2EC-A01EC7B5C05B}.Debug|x64.ActiveCfg = Debug|x64
		{B658B238-FDAF-452F-B2EC-A01EC7B5C05B}.Debug|x64.Build.0 = Debug|x64
		{B658B238-FDAF-452F-B2EC-A01EC7B5C05B}.Debug|x64.Deploy.0 = Debug|x64
		{B658B238-FDAF-452F-B2EC-A01EC7B5C05B}.Debug|x86.ActiveCfg = Debug|x86
		{B658B238-FDAF-452F-B2EC-A01EC7B5C05B}.Debug|x86.Build.0 = Debug|x86
		{B658B238-FDAF-452F-B2EC-A01EC7B5C05B}.Debug|x86.Deploy.0 = Debug|x86
		{B658B238-FDAF-452F-B2EC-A01EC7B5C05B}.Release|Any CPU.ActiveCfg = Release|x86
		{B658B238-FDAF-452F-B2EC-A01EC7B5C05B}.Release|Any CPU.Build.0 = Release|x86
		{B658B238-FDAF-452F-B2EC-A01EC7B5C05B}.Release|Any CPU.Deploy.0 = Release|x86
		{B658B238-FDAF-452F-B2EC-A01EC7B5C05B}.Release|ARM.ActiveCfg = Release|ARM
		{B658B238-FDAF-452F-B2EC-A01EC7B5C05B}.Release|ARM.Build.0 = Release|ARM
		{B658B238-FDAF-452F-B2EC-A01EC7B5C05B}.Release|ARM.Deploy.0 = Release|ARM
		{B658B238-FDAF-452F-B2EC-A01EC7B5C05B}.Release|x64.ActiveCfg = Release|x64
		{B658B238-FDAF-452F-B2EC-A01EC7B5C05B}.Release|x64.Build.0 = Release|x64
		{B658B238-FDAF-452F-B2EC-A01EC7B5C05B}.Release|x64.Deploy.0 = Release|x64
		{B658B238-FDAF-452F-B2EC-A01EC7B5C05B}.Release|x86.ActiveCfg = Release|x86
		{B658B238-FDAF-452F-B2EC-A01EC7B5C05B}.Release|x86.Build.0 = Release|x86
		{B658B238-FDAF-452F-B2EC-A01EC7B5C05B}.Release|x86.Deploy.0 = Release|x86
		{72D8CD96-33D1-45E9-8CEC-6F7BEA3C7461}.Debug|Any CPU.ActiveCfg = Debug|Any CPU
		{72D8CD96-33D1-45E9-8CEC-6F7BEA3C7461}.Debug|Any CPU.Build.0 = Debug|Any CPU
		{72D8CD96-33D1-45E9-8CEC-6F7BEA3C7461}.Debug|Any CPU.Deploy.0 = Debug|Any CPU
		{72D8CD96-33D1-45E9-8CEC-6F7BEA3C7461}.Debug|ARM.ActiveCfg = Debug|Any CPU
		{72D8CD96-33D1-45E9-8CEC-6F7BEA3C7461}.Debug|ARM.Build.0 = Debug|Any CPU
		{72D8CD96-33D1-45E9-8CEC-6F7BEA3C7461}.Debug|ARM.Deploy.0 = Debug|Any CPU
		{72D8CD96-33D1-45E9-8CEC-6F7BEA3C7461}.Debug|x64.ActiveCfg = Debug|Any CPU
		{72D8CD96-33D1-45E9-8CEC-6F7BEA3C7461}.Debug|x64.Build.0 = Debug|Any CPU
		{72D8CD96-33D1-45E9-8CEC-6F7BEA3C7461}.Debug|x64.Deploy.0 = Debug|Any CPU
		{72D8CD96-33D1-45E9-8CEC-6F7BEA3C7461}.Debug|x86.ActiveCfg = Debug|Any CPU
		{72D8CD96-33D1-45E9-8CEC-6F7BEA3C7461}.Debug|x86.Build.0 = Debug|Any CPU
		{72D8CD96-33D1-45E9-8CEC-6F7BEA3C7461}.Debug|x86.Deploy.0 = Debug|Any CPU
		{72D8CD96-33D1-45E9-8CEC-6F7BEA3C7461}.Release|Any CPU.ActiveCfg = Release|Any CPU
		{72D8CD96-33D1-45E9-8CEC-6F7BEA3C7461}.Release|Any CPU.Build.0 = Release|Any CPU
		{72D8CD96-33D1-45E9-8CEC-6F7BEA3C7461}.Release|Any CPU.Deploy.0 = Release|Any CPU
		{72D8CD96-33D1-45E9-8CEC-6F7BEA3C7461}.Release|ARM.ActiveCfg = Release|Any CPU
		{72D8CD96-33D1-45E9-8CEC-6F7BEA3C7461}.Release|ARM.Build.0 = Release|Any CPU
		{72D8CD96-33D1-45E9-8CEC-6F7BEA3C7461}.Release|ARM.Deploy.0 = Release|Any CPU
		{72D8CD96-33D1-45E9-8CEC-6F7BEA3C7461}.Release|x64.ActiveCfg = Release|Any CPU
		{72D8CD96-33D1-45E9-8CEC-6F7BEA3C7461}.Release|x64.Build.0 = Release|Any CPU
		{72D8CD96-33D1-45E9-8CEC-6F7BEA3C7461}.Release|x64.Deploy.0 = Release|Any CPU
		{72D8CD96-33D1-45E9-8CEC-6F7BEA3C7461}.Release|x86.ActiveCfg = Release|Any CPU
		{72D8CD96-33D1-45E9-8CEC-6F7BEA3C7461}.Release|x86.Build.0 = Release|Any CPU
		{72D8CD96-33D1-45E9-8CEC-6F7BEA3C7461}.Release|x86.Deploy.0 = Release|Any CPU
		{C8E3C32E-FA15-4B39-A7C8-5DE981B4A907}.Debug|Any CPU.ActiveCfg = Debug|Any CPU
		{C8E3C32E-FA15-4B39-A7C8-5DE981B4A907}.Debug|Any CPU.Build.0 = Debug|Any CPU
		{C8E3C32E-FA15-4B39-A7C8-5DE981B4A907}.Debug|ARM.ActiveCfg = Debug|Any CPU
		{C8E3C32E-FA15-4B39-A7C8-5DE981B4A907}.Debug|ARM.Build.0 = Debug|Any CPU
		{C8E3C32E-FA15-4B39-A7C8-5DE981B4A907}.Debug|x64.ActiveCfg = Debug|Any CPU
		{C8E3C32E-FA15-4B39-A7C8-5DE981B4A907}.Debug|x64.Build.0 = Debug|Any CPU
		{C8E3C32E-FA15-4B39-A7C8-5DE981B4A907}.Debug|x86.ActiveCfg = Debug|Any CPU
		{C8E3C32E-FA15-4B39-A7C8-5DE981B4A907}.Debug|x86.Build.0 = Debug|Any CPU
		{C8E3C32E-FA15-4B39-A7C8-5DE981B4A907}.Release|Any CPU.ActiveCfg = Release|Any CPU
		{C8E3C32E-FA15-4B39-A7C8-5DE981B4A907}.Release|Any CPU.Build.0 = Release|Any CPU
		{C8E3C32E-FA15-4B39-A7C8-5DE981B4A907}.Release|ARM.ActiveCfg = Release|Any CPU
		{C8E3C32E-FA15-4B39-A7C8-5DE981B4A907}.Release|ARM.Build.0 = Release|Any CPU
		{C8E3C32E-FA15-4B39-A7C8-5DE981B4A907}.Release|x64.ActiveCfg = Release|Any CPU
		{C8E3C32E-FA15-4B39-A7C8-5DE981B4A907}.Release|x64.Build.0 = Release|Any CPU
		{C8E3C32E-FA15-4B39-A7C8-5DE981B4A907}.Release|x86.ActiveCfg = Release|Any CPU
		{C8E3C32E-FA15-4B39-A7C8-5DE981B4A907}.Release|x86.Build.0 = Release|Any CPU
		{8B8E9635-5CFF-474F-B1A5-BF1542E3C52E}.Debug|Any CPU.ActiveCfg = Debug|Any CPU
		{8B8E9635-5CFF-474F-B1A5-BF1542E3C52E}.Debug|Any CPU.Build.0 = Debug|Any CPU
		{8B8E9635-5CFF-474F-B1A5-BF1542E3C52E}.Debug|ARM.ActiveCfg = Debug|Any CPU
		{8B8E9635-5CFF-474F-B1A5-BF1542E3C52E}.Debug|ARM.Build.0 = Debug|Any CPU
		{8B8E9635-5CFF-474F-B1A5-BF1542E3C52E}.Debug|x64.ActiveCfg = Debug|Any CPU
		{8B8E9635-5CFF-474F-B1A5-BF1542E3C52E}.Debug|x64.Build.0 = Debug|Any CPU
		{8B8E9635-5CFF-474F-B1A5-BF1542E3C52E}.Debug|x86.ActiveCfg = Debug|Any CPU
		{8B8E9635-5CFF-474F-B1A5-BF1542E3C52E}.Debug|x86.Build.0 = Debug|Any CPU
		{8B8E9635-5CFF-474F-B1A5-BF1542E3C52E}.Release|Any CPU.ActiveCfg = Release|Any CPU
		{8B8E9635-5CFF-474F-B1A5-BF1542E3C52E}.Release|Any CPU.Build.0 = Release|Any CPU
		{8B8E9635-5CFF-474F-B1A5-BF1542E3C52E}.Release|ARM.ActiveCfg = Release|Any CPU
		{8B8E9635-5CFF-474F-B1A5-BF1542E3C52E}.Release|ARM.Build.0 = Release|Any CPU
		{8B8E9635-5CFF-474F-B1A5-BF1542E3C52E}.Release|x64.ActiveCfg = Release|Any CPU
		{8B8E9635-5CFF-474F-B1A5-BF1542E3C52E}.Release|x64.Build.0 = Release|Any CPU
		{8B8E9635-5CFF-474F-B1A5-BF1542E3C52E}.Release|x86.ActiveCfg = Release|Any CPU
		{8B8E9635-5CFF-474F-B1A5-BF1542E3C52E}.Release|x86.Build.0 = Release|Any CPU
		{7E39DD7D-CC1B-44B0-9967-A6B2599FB465}.Debug|Any CPU.ActiveCfg = Debug|Any CPU
		{7E39DD7D-CC1B-44B0-9967-A6B2599FB465}.Debug|Any CPU.Build.0 = Debug|Any CPU
		{7E39DD7D-CC1B-44B0-9967-A6B2599FB465}.Debug|ARM.ActiveCfg = Debug|Any CPU
		{7E39DD7D-CC1B-44B0-9967-A6B2599FB465}.Debug|ARM.Build.0 = Debug|Any CPU
		{7E39DD7D-CC1B-44B0-9967-A6B2599FB465}.Debug|x64.ActiveCfg = Debug|Any CPU
		{7E39DD7D-CC1B-44B0-9967-A6B2599FB465}.Debug|x64.Build.0 = Debug|Any CPU
		{7E39DD7D-CC1B-44B0-9967-A6B2599FB465}.Debug|x86.ActiveCfg = Debug|Any CPU
		{7E39DD7D-CC1B-44B0-9967-A6B2599FB465}.Debug|x86.Build.0 = Debug|Any CPU
		{7E39DD7D-CC1B-44B0-9967-A6B2599FB465}.Release|Any CPU.ActiveCfg = Release|Any CPU
		{7E39DD7D-CC1B-44B0-9967-A6B2599FB465}.Release|Any CPU.Build.0 = Release|Any CPU
		{7E39DD7D-CC1B-44B0-9967-A6B2599FB465}.Release|ARM.ActiveCfg = Release|Any CPU
		{7E39DD7D-CC1B-44B0-9967-A6B2599FB465}.Release|ARM.Build.0 = Release|Any CPU
		{7E39DD7D-CC1B-44B0-9967-A6B2599FB465}.Release|x64.ActiveCfg = Release|Any CPU
		{7E39DD7D-CC1B-44B0-9967-A6B2599FB465}.Release|x64.Build.0 = Release|Any CPU
		{7E39DD7D-CC1B-44B0-9967-A6B2599FB465}.Release|x86.ActiveCfg = Release|Any CPU
		{7E39DD7D-CC1B-44B0-9967-A6B2599FB465}.Release|x86.Build.0 = Release|Any CPU
		{91F56EDB-76B6-4260-8C86-2D343609F27E}.Debug|Any CPU.ActiveCfg = Debug|Any CPU
		{91F56EDB-76B6-4260-8C86-2D343609F27E}.Debug|Any CPU.Build.0 = Debug|Any CPU
		{91F56EDB-76B6-4260-8C86-2D343609F27E}.Debug|ARM.ActiveCfg = Debug|Any CPU
		{91F56EDB-76B6-4260-8C86-2D343609F27E}.Debug|ARM.Build.0 = Debug|Any CPU
		{91F56EDB-76B6-4260-8C86-2D343609F27E}.Debug|x64.ActiveCfg = Debug|Any CPU
		{91F56EDB-76B6-4260-8C86-2D343609F27E}.Debug|x64.Build.0 = Debug|Any CPU
		{91F56EDB-76B6-4260-8C86-2D343609F27E}.Debug|x86.ActiveCfg = Debug|Any CPU
		{91F56EDB-76B6-4260-8C86-2D343609F27E}.Debug|x86.Build.0 = Debug|Any CPU
		{91F56EDB-76B6-4260-8C86-2D343609F27E}.Release|Any CPU.ActiveCfg = Release|Any CPU
		{91F56EDB-76B6-4260-8C86-2D343609F27E}.Release|Any CPU.Build.0 = Release|Any CPU
		{91F56EDB-76B6-4260-8C86-2D343609F27E}.Release|ARM.ActiveCfg = Release|Any CPU
		{91F56EDB-76B6-4260-8C86-2D343609F27E}.Release|ARM.Build.0 = Release|Any CPU
		{91F56EDB-76B6-4260-8C86-2D343609F27E}.Release|x64.ActiveCfg = Release|Any CPU
		{91F56EDB-76B6-4260-8C86-2D343609F27E}.Release|x64.Build.0 = Release|Any CPU
		{91F56EDB-76B6-4260-8C86-2D343609F27E}.Release|x86.ActiveCfg = Release|Any CPU
		{91F56EDB-76B6-4260-8C86-2D343609F27E}.Release|x86.Build.0 = Release|Any CPU
	EndGlobalSection
	GlobalSection(SolutionProperties) = preSolution
		HideSolutionNode = FALSE
	EndGlobalSection
	GlobalSection(ExtensibilityGlobals) = postSolution
		SolutionGuid = {AD04B1B2-0D7E-46A8-818A-6D0EBDCD8BA4}
	EndGlobalSection
EndGlobal
